lockfileVersion: "9.0"

settings:
  autoInstallPeers: true
  excludeLinksFromLockfile: false

importers:
  .:
    dependencies:
      globe.gl:
        specifier: ^2.39.7
        version: 2.39.7
    devDependencies:
      vite:
        specifier: ^6.1.0
        version: 6.1.0

packages:
  "@babel/runtime@7.26.7":
    resolution: {
      integrity: sha512-AOPI3D+a8dXnja+iwsUqGRjr1BbZIe771sXdapOtYI531gSqpi92vXivKcq2asu/DFpdl1ceFAKZyRzK2PCVcQ==,
    }
    engines: { node: ">=6.9.0" }

  "@esbuild/aix-ppc64@0.24.2":
    resolution: {
      integrity: sha512-thpVCb/rhxE/BnMLQ7GReQLLN8q9qbHmI55F4489/ByVg2aQaQ6kbcLb6FHkocZzQhxc4gx0sCk0tJkKBFzDhA==,
    }
    engines: { node: ">=18" }
    cpu: [ppc64]
    os: [aix]

  "@esbuild/android-arm64@0.24.2":
    resolution: {
      integrity: sha512-cNLgeqCqV8WxfcTIOeL4OAtSmL8JjcN6m09XIgro1Wi7cF4t/THaWEa7eL5CMoMBdjoHOTh/vwTO/o2TRXIyzg==,
    }
    engines: { node: ">=18" }
    cpu: [arm64]
    os: [android]

  "@esbuild/android-arm@0.24.2":
    resolution: {
      integrity: sha512-tmwl4hJkCfNHwFB3nBa8z1Uy3ypZpxqxfTQOcHX+xRByyYgunVbZ9MzUUfb0RxaHIMnbHagwAxuTL+tnNM+1/Q==,
    }
    engines: { node: ">=18" }
    cpu: [arm]
    os: [android]

  "@esbuild/android-x64@0.24.2":
    resolution: {
      integrity: sha512-B6Q0YQDqMx9D7rvIcsXfmJfvUYLoP722bgfBlO5cGvNVb5V/+Y7nhBE3mHV9OpxBf4eAS2S68KZztiPaWq4XYw==,
    }
    engines: { node: ">=18" }
    cpu: [x64]
    os: [android]

  "@esbuild/darwin-arm64@0.24.2":
    resolution: {
      integrity: sha512-kj3AnYWc+CekmZnS5IPu9D+HWtUI49hbnyqk0FLEJDbzCIQt7hg7ucF1SQAilhtYpIujfaHr6O0UHlzzSPdOeA==,
    }
    engines: { node: ">=18" }
    cpu: [arm64]
    os: [darwin]

  "@esbuild/darwin-x64@0.24.2":
    resolution: {
      integrity: sha512-WeSrmwwHaPkNR5H3yYfowhZcbriGqooyu3zI/3GGpF8AyUdsrrP0X6KumITGA9WOyiJavnGZUwPGvxvwfWPHIA==,
    }
    engines: { node: ">=18" }
    cpu: [x64]
    os: [darwin]

  "@esbuild/freebsd-arm64@0.24.2":
    resolution: {
      integrity: sha512-UN8HXjtJ0k/Mj6a9+5u6+2eZ2ERD7Edt1Q9IZiB5UZAIdPnVKDoG7mdTVGhHJIeEml60JteamR3qhsr1r8gXvg==,
    }
    engines: { node: ">=18" }
    cpu: [arm64]
    os: [freebsd]

  "@esbuild/freebsd-x64@0.24.2":
    resolution: {
      integrity: sha512-TvW7wE/89PYW+IevEJXZ5sF6gJRDY/14hyIGFXdIucxCsbRmLUcjseQu1SyTko+2idmCw94TgyaEZi9HUSOe3Q==,
    }
    engines: { node: ">=18" }
    cpu: [x64]
    os: [freebsd]

  "@esbuild/linux-arm64@0.24.2":
    resolution: {
      integrity: sha512-7HnAD6074BW43YvvUmE/35Id9/NB7BeX5EoNkK9obndmZBUk8xmJJeU7DwmUeN7tkysslb2eSl6CTrYz6oEMQg==,
    }
    engines: { node: ">=18" }
    cpu: [arm64]
    os: [linux]

  "@esbuild/linux-arm@0.24.2":
    resolution: {
      integrity: sha512-n0WRM/gWIdU29J57hJyUdIsk0WarGd6To0s+Y+LwvlC55wt+GT/OgkwoXCXvIue1i1sSNWblHEig00GBWiJgfA==,
    }
    engines: { node: ">=18" }
    cpu: [arm]
    os: [linux]

  "@esbuild/linux-ia32@0.24.2":
    resolution: {
      integrity: sha512-sfv0tGPQhcZOgTKO3oBE9xpHuUqguHvSo4jl+wjnKwFpapx+vUDcawbwPNuBIAYdRAvIDBfZVvXprIj3HA+Ugw==,
    }
    engines: { node: ">=18" }
    cpu: [ia32]
    os: [linux]

  "@esbuild/linux-loong64@0.24.2":
    resolution: {
      integrity: sha512-CN9AZr8kEndGooS35ntToZLTQLHEjtVB5n7dl8ZcTZMonJ7CCfStrYhrzF97eAecqVbVJ7APOEe18RPI4KLhwQ==,
    }
    engines: { node: ">=18" }
    cpu: [loong64]
    os: [linux]

  "@esbuild/linux-mips64el@0.24.2":
    resolution: {
      integrity: sha512-iMkk7qr/wl3exJATwkISxI7kTcmHKE+BlymIAbHO8xanq/TjHaaVThFF6ipWzPHryoFsesNQJPE/3wFJw4+huw==,
    }
    engines: { node: ">=18" }
    cpu: [mips64el]
    os: [linux]

  "@esbuild/linux-ppc64@0.24.2":
    resolution: {
      integrity: sha512-shsVrgCZ57Vr2L8mm39kO5PPIb+843FStGt7sGGoqiiWYconSxwTiuswC1VJZLCjNiMLAMh34jg4VSEQb+iEbw==,
    }
    engines: { node: ">=18" }
    cpu: [ppc64]
    os: [linux]

  "@esbuild/linux-riscv64@0.24.2":
    resolution: {
      integrity: sha512-4eSFWnU9Hhd68fW16GD0TINewo1L6dRrB+oLNNbYyMUAeOD2yCK5KXGK1GH4qD/kT+bTEXjsyTCiJGHPZ3eM9Q==,
    }
    engines: { node: ">=18" }
    cpu: [riscv64]
    os: [linux]

  "@esbuild/linux-s390x@0.24.2":
    resolution: {
      integrity: sha512-S0Bh0A53b0YHL2XEXC20bHLuGMOhFDO6GN4b3YjRLK//Ep3ql3erpNcPlEFed93hsQAjAQDNsvcK+hV90FubSw==,
    }
    engines: { node: ">=18" }
    cpu: [s390x]
    os: [linux]

  "@esbuild/linux-x64@0.24.2":
    resolution: {
      integrity: sha512-8Qi4nQcCTbLnK9WoMjdC9NiTG6/E38RNICU6sUNqK0QFxCYgoARqVqxdFmWkdonVsvGqWhmm7MO0jyTqLqwj0Q==,
    }
    engines: { node: ">=18" }
    cpu: [x64]
    os: [linux]

  "@esbuild/netbsd-arm64@0.24.2":
    resolution: {
      integrity: sha512-wuLK/VztRRpMt9zyHSazyCVdCXlpHkKm34WUyinD2lzK07FAHTq0KQvZZlXikNWkDGoT6x3TD51jKQ7gMVpopw==,
    }
    engines: { node: ">=18" }
    cpu: [arm64]
    os: [netbsd]

  "@esbuild/netbsd-x64@0.24.2":
    resolution: {
      integrity: sha512-VefFaQUc4FMmJuAxmIHgUmfNiLXY438XrL4GDNV1Y1H/RW3qow68xTwjZKfj/+Plp9NANmzbH5R40Meudu8mmw==,
    }
    engines: { node: ">=18" }
    cpu: [x64]
    os: [netbsd]

  "@esbuild/openbsd-arm64@0.24.2":
    resolution: {
      integrity: sha512-YQbi46SBct6iKnszhSvdluqDmxCJA+Pu280Av9WICNwQmMxV7nLRHZfjQzwbPs3jeWnuAhE9Jy0NrnJ12Oz+0A==,
    }
    engines: { node: ">=18" }
    cpu: [arm64]
    os: [openbsd]

  "@esbuild/openbsd-x64@0.24.2":
    resolution: {
      integrity: sha512-+iDS6zpNM6EnJyWv0bMGLWSWeXGN/HTaF/LXHXHwejGsVi+ooqDfMCCTerNFxEkM3wYVcExkeGXNqshc9iMaOA==,
    }
    engines: { node: ">=18" }
    cpu: [x64]
    os: [openbsd]

  "@esbuild/sunos-x64@0.24.2":
    resolution: {
      integrity: sha512-hTdsW27jcktEvpwNHJU4ZwWFGkz2zRJUz8pvddmXPtXDzVKTTINmlmga3ZzwcuMpUvLw7JkLy9QLKyGpD2Yxig==,
    }
    engines: { node: ">=18" }
    cpu: [x64]
    os: [sunos]

  "@esbuild/win32-arm64@0.24.2":
    resolution: {
      integrity: sha512-LihEQ2BBKVFLOC9ZItT9iFprsE9tqjDjnbulhHoFxYQtQfai7qfluVODIYxt1PgdoyQkz23+01rzwNwYfutxUQ==,
    }
    engines: { node: ">=18" }
    cpu: [arm64]
    os: [win32]

  "@esbuild/win32-ia32@0.24.2":
    resolution: {
      integrity: sha512-q+iGUwfs8tncmFC9pcnD5IvRHAzmbwQ3GPS5/ceCyHdjXubwQWI12MKWSNSMYLJMq23/IUCvJMS76PDqXe1fxA==,
    }
    engines: { node: ">=18" }
    cpu: [ia32]
    os: [win32]

  "@esbuild/win32-x64@0.24.2":
    resolution: {
      integrity: sha512-7VTgWzgMGvup6aSqDPLiW5zHaxYJGTO4OokMjIlrCtf+VpEL+cXKtCvg723iguPYI5oaUNdS+/V7OU2gvXVWEg==,
    }
    engines: { node: ">=18" }
    cpu: [x64]
    os: [win32]

  "@rollup/rollup-android-arm-eabi@4.34.6":
    resolution: {
      integrity: sha512-+GcCXtOQoWuC7hhX1P00LqjjIiS/iOouHXhMdiDSnq/1DGTox4SpUvO52Xm+div6+106r+TcvOeo/cxvyEyTgg==,
    }
    cpu: [arm]
    os: [android]

  "@rollup/rollup-android-arm64@4.34.6":
    resolution: {
      integrity: sha512-E8+2qCIjciYUnCa1AiVF1BkRgqIGW9KzJeesQqVfyRITGQN+dFuoivO0hnro1DjT74wXLRZ7QF8MIbz+luGaJA==,
    }
    cpu: [arm64]
    os: [android]

  "@rollup/rollup-darwin-arm64@4.34.6":
    resolution: {
      integrity: sha512-z9Ib+OzqN3DZEjX7PDQMHEhtF+t6Mi2z/ueChQPLS/qUMKY7Ybn5A2ggFoKRNRh1q1T03YTQfBTQCJZiepESAg==,
    }
    cpu: [arm64]
    os: [darwin]

  "@rollup/rollup-darwin-x64@4.34.6":
    resolution: {
      integrity: sha512-PShKVY4u0FDAR7jskyFIYVyHEPCPnIQY8s5OcXkdU8mz3Y7eXDJPdyM/ZWjkYdR2m0izD9HHWA8sGcXn+Qrsyg==,
    }
    cpu: [x64]
    os: [darwin]

  "@rollup/rollup-freebsd-arm64@4.34.6":
    resolution: {
      integrity: sha512-YSwyOqlDAdKqs0iKuqvRHLN4SrD2TiswfoLfvYXseKbL47ht1grQpq46MSiQAx6rQEN8o8URtpXARCpqabqxGQ==,
    }
    cpu: [arm64]
    os: [freebsd]

  "@rollup/rollup-freebsd-x64@4.34.6":
    resolution: {
      integrity: sha512-HEP4CgPAY1RxXwwL5sPFv6BBM3tVeLnshF03HMhJYCNc6kvSqBgTMmsEjb72RkZBAWIqiPUyF1JpEBv5XT9wKQ==,
    }
    cpu: [x64]
    os: [freebsd]

  "@rollup/rollup-linux-arm-gnueabihf@4.34.6":
    resolution: {
      integrity: sha512-88fSzjC5xeH9S2Vg3rPgXJULkHcLYMkh8faix8DX4h4TIAL65ekwuQMA/g2CXq8W+NJC43V6fUpYZNjaX3+IIg==,
    }
    cpu: [arm]
    os: [linux]

  "@rollup/rollup-linux-arm-musleabihf@4.34.6":
    resolution: {
      integrity: sha512-wM4ztnutBqYFyvNeR7Av+reWI/enK9tDOTKNF+6Kk2Q96k9bwhDDOlnCUNRPvromlVXo04riSliMBs/Z7RteEg==,
    }
    cpu: [arm]
    os: [linux]

  "@rollup/rollup-linux-arm64-gnu@4.34.6":
    resolution: {
      integrity: sha512-9RyprECbRa9zEjXLtvvshhw4CMrRa3K+0wcp3KME0zmBe1ILmvcVHnypZ/aIDXpRyfhSYSuN4EPdCCj5Du8FIA==,
    }
    cpu: [arm64]
    os: [linux]

  "@rollup/rollup-linux-arm64-musl@4.34.6":
    resolution: {
      integrity: sha512-qTmklhCTyaJSB05S+iSovfo++EwnIEZxHkzv5dep4qoszUMX5Ca4WM4zAVUMbfdviLgCSQOu5oU8YoGk1s6M9Q==,
    }
    cpu: [arm64]
    os: [linux]

  "@rollup/rollup-linux-loongarch64-gnu@4.34.6":
    resolution: {
      integrity: sha512-4Qmkaps9yqmpjY5pvpkfOerYgKNUGzQpFxV6rnS7c/JfYbDSU0y6WpbbredB5cCpLFGJEqYX40WUmxMkwhWCjw==,
    }
    cpu: [loong64]
    os: [linux]

  "@rollup/rollup-linux-powerpc64le-gnu@4.34.6":
    resolution: {
      integrity: sha512-Zsrtux3PuaxuBTX/zHdLaFmcofWGzaWW1scwLU3ZbW/X+hSsFbz9wDIp6XvnT7pzYRl9MezWqEqKy7ssmDEnuQ==,
    }
    cpu: [ppc64]
    os: [linux]

  "@rollup/rollup-linux-riscv64-gnu@4.34.6":
    resolution: {
      integrity: sha512-aK+Zp+CRM55iPrlyKiU3/zyhgzWBxLVrw2mwiQSYJRobCURb781+XstzvA8Gkjg/hbdQFuDw44aUOxVQFycrAg==,
    }
    cpu: [riscv64]
    os: [linux]

  "@rollup/rollup-linux-s390x-gnu@4.34.6":
    resolution: {
      integrity: sha512-WoKLVrY9ogmaYPXwTH326+ErlCIgMmsoRSx6bO+l68YgJnlOXhygDYSZe/qbUJCSiCiZAQ+tKm88NcWuUXqOzw==,
    }
    cpu: [s390x]
    os: [linux]

  "@rollup/rollup-linux-x64-gnu@4.34.6":
    resolution: {
      integrity: sha512-Sht4aFvmA4ToHd2vFzwMFaQCiYm2lDFho5rPcvPBT5pCdC+GwHG6CMch4GQfmWTQ1SwRKS0dhDYb54khSrjDWw==,
    }
    cpu: [x64]
    os: [linux]

  "@rollup/rollup-linux-x64-musl@4.34.6":
    resolution: {
      integrity: sha512-zmmpOQh8vXc2QITsnCiODCDGXFC8LMi64+/oPpPx5qz3pqv0s6x46ps4xoycfUiVZps5PFn1gksZzo4RGTKT+A==,
    }
    cpu: [x64]
    os: [linux]

  "@rollup/rollup-win32-arm64-msvc@4.34.6":
    resolution: {
      integrity: sha512-3/q1qUsO/tLqGBaD4uXsB6coVGB3usxw3qyeVb59aArCgedSF66MPdgRStUd7vbZOsko/CgVaY5fo2vkvPLWiA==,
    }
    cpu: [arm64]
    os: [win32]

  "@rollup/rollup-win32-ia32-msvc@4.34.6":
    resolution: {
      integrity: sha512-oLHxuyywc6efdKVTxvc0135zPrRdtYVjtVD5GUm55I3ODxhU/PwkQFD97z16Xzxa1Fz0AEe4W/2hzRtd+IfpOA==,
    }
    cpu: [ia32]
    os: [win32]

  "@rollup/rollup-win32-x64-msvc@4.34.6":
    resolution: {
      integrity: sha512-0PVwmgzZ8+TZ9oGBmdZoQVXflbvuwzN/HRclujpl4N/q3i+y0lqLw8n1bXA8ru3sApDjlmONaNAuYr38y1Kr9w==,
    }
    cpu: [x64]
    os: [win32]

  "@turf/boolean-point-in-polygon@7.2.0":
    resolution: {
      integrity: sha512-lvEOjxeXIp+wPXgl9kJA97dqzMfNexjqHou+XHVcfxQgolctoJiRYmcVCWGpiZ9CBf/CJha1KmD1qQoRIsjLaA==,
    }

  "@turf/helpers@7.2.0":
    resolution: {
      integrity: sha512-cXo7bKNZoa7aC7ydLmUR02oB3IgDe7MxiPuRz3cCtYQHn+BJ6h1tihmamYDWWUlPHgSNF0i3ATc4WmDECZafKw==,
    }

  "@turf/invariant@7.2.0":
    resolution: {
      integrity: sha512-kV4u8e7Gkpq+kPbAKNC21CmyrXzlbBgFjO1PhrHPgEdNqXqDawoZ3i6ivE3ULJj2rSesCjduUaC/wyvH/sNr2Q==,
    }

  "@tweenjs/tween.js@25.0.0":
    resolution: {
      integrity: sha512-XKLA6syeBUaPzx4j3qwMqzzq+V4uo72BnlbOjmuljLrRqdsd3qnzvZZoxvMHZ23ndsRS4aufU6JOZYpCbU6T1A==,
    }

  "@types/estree@1.0.6":
    resolution: {
      integrity: sha512-AYnb1nQyY49te+VRAVgmzfcgjYS91mY5P0TKUDCLEM+gNnA+3T6rWITXRLYCpahpqSQbN5cE+gHpnPyXjHWxcw==,
    }

  "@types/geojson@7946.0.16":
    resolution: {
      integrity: sha512-6C8nqWur3j98U6+lXDfTUWIfgvZU+EumvpHKcYjujKH7woYyLj2sUmff0tRhrqM7BohUw7Pz3ZB1jj2gW9Fvmg==,
    }

  accessor-fn@1.5.1:
    resolution: {
      integrity: sha512-zZpFYBqIL1Aqg+f2qmYHJ8+yIZF7/tP6PUGx2/QM0uGPSO5UegpinmkNwDohxWtOj586BpMPVRUjce2HI6xB3A==,
    }
    engines: { node: ">=12" }

  d3-array@3.2.4:
    resolution: {
      integrity: sha512-tdQAmyA18i4J7wprpYq8ClcxZy3SC31QMeByyCFyRt7BVHdREQZ5lpzoe5mFEYZUWe+oq8HBvk9JjpibyEV4Jg==,
    }
    engines: { node: ">=12" }

  d3-color@3.1.0:
    resolution: {
      integrity: sha512-zg/chbXyeBtMQ1LbD/WSoW2DpC3I0mpmPdW+ynRTj/x2DAWYrIY7qeZIHidozwV24m4iavr15lNwIwLxRmOxhA==,
    }
    engines: { node: ">=12" }

  d3-delaunay@6.0.4:
    resolution: {
      integrity: sha512-mdjtIZ1XLAM8bm/hx3WwjfHt6Sggek7qH043O8KEjDXN40xi3vx/6pYSVTwLjEgiXQTbvaouWKynLBiUZ6SK6A==,
    }
    engines: { node: ">=12" }

  d3-format@3.1.0:
    resolution: {
      integrity: sha512-YyUI6AEuY/Wpt8KWLgZHsIU86atmikuoOmCfommt0LYHiQSPjvX2AcFc38PX0CBpr2RCyZhjex+NS/LPOv6YqA==,
    }
    engines: { node: ">=12" }

  d3-geo-voronoi@2.1.0:
    resolution: {
      integrity: sha512-kqE4yYuOjPbKdBXG0xztCacPwkVSK2REF1opSNrnqqtXJmNcM++UbwQ8SxvwP6IQTj9RvIjjK4qeiVsEfj0Z2Q==,
    }
    engines: { node: ">=12" }

  d3-geo@3.1.1:
    resolution: {
      integrity: sha512-637ln3gXKXOwhalDzinUgY83KzNWZRKbYubaG+fGVuc/dxO64RRljtCTnf5ecMyE1RIdtqpkVcq0IbtU2S8j2Q==,
    }
    engines: { node: ">=12" }

  d3-interpolate@3.0.1:
    resolution: {
      integrity: sha512-3bYs1rOD33uo8aqJfKP3JWPAibgw8Zm2+L9vBKEHJ2Rg+viTR7o5Mmv5mZcieN+FRYaAOWX5SJATX6k1PWz72g==,
    }
    engines: { node: ">=12" }

  d3-octree@1.1.0:
    resolution: {
      integrity: sha512-F8gPlqpP+HwRPMO/8uOu5wjH110+6q4cgJvgJT6vlpy3BEaDIKlTZrgHKZSp/i1InRpVfh4puY/kvL6MxK930A==,
    }

  d3-scale-chromatic@3.1.0:
    resolution: {
      integrity: sha512-A3s5PWiZ9YCXFye1o246KoscMWqf8BsD9eRiJ3He7C9OBaxKhAd5TFCdEx/7VbKtxxTsu//1mMJFrEt572cEyQ==,
    }
    engines: { node: ">=12" }

  d3-scale@4.0.2:
    resolution: {
      integrity: sha512-GZW464g1SH7ag3Y7hXjf8RoUuAFIqklOAq3MRl4OaWabTFJY9PN/E1YklhXLh+OQ3fM9yS2nOkCoS+WLZ6kvxQ==,
    }
    engines: { node: ">=12" }

  d3-selection@3.0.0:
    resolution: {
      integrity: sha512-fmTRWbNMmsmWq6xJV8D19U/gw/bwrHfNXxrIN+HfZgnzqTHp9jOmKMhsTUjXOJnZOdZY9Q28y4yebKzqDKlxlQ==,
    }
    engines: { node: ">=12" }

  d3-time-format@4.1.0:
    resolution: {
      integrity: sha512-dJxPBlzC7NugB2PDLwo9Q8JiTR3M3e4/XANkreKSUxF8vvXKqm1Yfq4Q5dl8budlunRVlUUaDUgFt7eA8D6NLg==,
    }
    engines: { node: ">=12" }

  d3-time@3.1.0:
    resolution: {
      integrity: sha512-VqKjzBLejbSMT4IgbmVgDjpkYrNWUYJnbCGo874u7MMKIWsILRX+OpX/gTk8MqjpT1A/c6HY2dCA77ZN0lkQ2Q==,
    }
    engines: { node: ">=12" }

  d3-tricontour@1.0.2:
    resolution: {
      integrity: sha512-HIRxHzHagPtUPNabjOlfcyismJYIsc+Xlq4mlsts4e8eAcwyq9Tgk/sYdyhlBpQ0MHwVquc/8j+e29YjXnmxeA==,
    }
    engines: { node: ">=12" }

  data-bind-mapper@1.0.1:
    resolution: {
      integrity: sha512-xWkgLj/mSDs/Y2flAMXwLKxnCh+rFScf4N8hSOtpsMxXYXui7CbtIUYP52VXQze9HhRND2Ua/AiEHZ8j/vtB0w==,
    }
    engines: { node: ">=12" }

  delaunator@5.0.1:
    resolution: {
      integrity: sha512-8nvh+XBe96aCESrGOqMp/84b13H9cdKbG5P2ejQCh4d4sK9RL4371qou9drQjMhvnPmhWl5hnmqbEE0fXr9Xnw==,
    }

  earcut@3.0.1:
    resolution: {
      integrity: sha512-0l1/0gOjESMeQyYaK5IDiPNvFeu93Z/cO0TjZh9eZ1vyCtZnA7KMZ8rQggpsJHIbGSdrqYq9OhuveadOVHCshw==,
    }

  esbuild@0.24.2:
    resolution: {
      integrity: sha512-+9egpBW8I3CD5XPe0n6BfT5fxLzxrlDzqydF3aviG+9ni1lDC/OvMHcxqEFV0+LANZG5R1bFMWfUrjVsdwxJvA==,
    }
    engines: { node: ">=18" }
    hasBin: true

  float-tooltip@1.7.3:
    resolution: {
      integrity: sha512-k7/1nX3J5POXBF+xXt1M33BpBpZgJn+GkFu+u89NuULOZmBCbWywNvS1EmdmADooAMz1MoONMiKvlGZ1kfTrqA==,
    }
    engines: { node: ">=12" }

  frame-ticker@1.0.3:
    resolution: {
      integrity: sha512-E0X2u2JIvbEMrqEg5+4BpTqaD22OwojJI63K7MdKHdncjtAhGRbCR8nJCr2vwEt9NWBPCPcu70X9smPviEBy8Q==,
    }

  fsevents@2.3.3:
    resolution: {
      integrity: sha512-5xoDfX+fL7faATnagmWPpbFtwh/R77WmMMqqHGS65C3vvB0YHrgF+B1YmZ3441tMj5n63k0212XNoJwzlhffQw==,
    }
    engines: { node: ^8.16.0 || ^10.6.0 || >=11.0.0 }
    os: [darwin]

  globe.gl@2.39.7:
    resolution: {
      integrity: sha512-s7rBz07g+kcMwTCf0D8Q7iuudtlhRkAa0isBhcBDS+O7VG2kZfpq/+8iLtFZrafyn88L3Lm8pcfgMlMegQRCpw==,
    }
    engines: { node: ">=12" }

  h3-js@4.1.0:
    resolution: {
      integrity: sha512-LQhmMl1dRQQjMXPzJc7MpZ/CqPOWWuAvVEoVJM9n/s7vHypj+c3Pd5rLQCkAsOgAoAYKbNCsYFE++LF7MvSfCQ==,
    }
    engines: { node: ">=4", npm: ">=3", yarn: ">=1.3.0" }

  index-array-by@1.4.2:
    resolution: {
      integrity: sha512-SP23P27OUKzXWEC/TOyWlwLviofQkCSCKONnc62eItjp69yCZZPqDQtr3Pw5gJDnPeUMqExmKydNZaJO0FU9pw==,
    }
    engines: { node: ">=12" }

  internmap@2.0.3:
    resolution: {
      integrity: sha512-5Hh7Y1wQbvY5ooGgPbDaL5iYLAPzMTUrjMulskHLH6wnv/A+1q5rgEaiuqEjB+oxGXIVZs1FF+R/KPN3ZSQYYg==,
    }
    engines: { node: ">=12" }

  kapsule@1.16.0:
    resolution: {
      integrity: sha512-4f/z/Luu0cEXmagCwaFyzvfZai2HKgB4CQLwmsMUA+jlUbW94HfFSX+TWZxzWoMSO6b6aR+FD2Xd5z88VYZJTw==,
    }
    engines: { node: ">=12" }

  lodash-es@4.17.21:
    resolution: {
      integrity: sha512-mKnC+QJ9pWVzv+C4/U3rRsHapFfHvQFoFB92e52xeyGMcX6/OlIl78je1u8vePzYZSkkogMPJ2yjxxsb89cxyw==,
    }

  nanoid@3.3.8:
    resolution: {
      integrity: sha512-WNLf5Sd8oZxOm+TzppcYk8gVOgP+l58xNy58D0nbUnOxOWRWvlcCV4kUF7ltmI6PsrLl/BgKEyS4mqsGChFN0w==,
    }
    engines: { node: ^10 || ^12 || ^13.7 || ^14 || >=15.0.1 }
    hasBin: true

  picocolors@1.1.1:
    resolution: {
      integrity: sha512-xceH2snhtb5M9liqDsmEw56le376mTZkEX/jEb/RxNFyegNul7eNslCXP9FDj/Lcu0X8KEyMceP2ntpaHrDEVA==,
    }

  point-in-polygon-hao@1.2.4:
    resolution: {
      integrity: sha512-x2pcvXeqhRHlNRdhLs/tgFapAbSSe86wa/eqmj1G6pWftbEs5aVRJhRGM6FYSUERKu0PjekJzMq0gsI2XyiclQ==,
    }

  polished@4.3.1:
    resolution: {
      integrity: sha512-OBatVyC/N7SCW/FaDHrSd+vn0o5cS855TOmYi4OkdWUMSJCET/xip//ch8xGUvtr3i44X9LVyWwQlRMTN3pwSA==,
    }
    engines: { node: ">=10" }

  postcss@8.5.2:
    resolution: {
      integrity: sha512-MjOadfU3Ys9KYoX0AdkBlFEF1Vx37uCCeN4ZHnmwm9FfpbsGWMZeBLMmmpY+6Ocqod7mkdZ0DT31OlbsFrLlkA==,
    }
    engines: { node: ^10 || ^12 || >=14 }

  preact@10.25.4:
    resolution: {
      integrity: sha512-jLdZDb+Q+odkHJ+MpW/9U5cODzqnB+fy2EiHSZES7ldV5LK7yjlVzTp7R8Xy6W6y75kfK8iWYtFVH7lvjwrCMA==,
    }

  regenerator-runtime@0.14.1:
    resolution: {
      integrity: sha512-dYnhHh0nJoMfnkZs6GmmhFknAGRrLznOu5nc9ML+EJxGvrx6H7teuevqVqCuPcPK//3eDrrjQhehXVx9cnkGdw==,
    }

  robust-predicates@3.0.2:
    resolution: {
      integrity: sha512-IXgzBWvWQwE6PrDI05OvmXUIruQTcoMDzRsOd5CDvHCVLcLHMTSYvOK5Cm46kWqlV3yAbuSpBZdJ5oP5OUoStg==,
    }

  rollup@4.34.6:
    resolution: {
      integrity: sha512-wc2cBWqJgkU3Iz5oztRkQbfVkbxoz5EhnCGOrnJvnLnQ7O0WhQUYyv18qQI79O8L7DdHrrlJNeCHd4VGpnaXKQ==,
    }
    engines: { node: ">=18.0.0", npm: ">=8.0.0" }
    hasBin: true

  simplesignal@2.1.7:
    resolution: {
      integrity: sha512-PEo2qWpUke7IMhlqiBxrulIFvhJRLkl1ih52Rwa+bPjzhJepcd4GIjn2RiQmFSx3dQvsEAgF0/lXMwMN7vODaA==,
    }

  source-map-js@1.2.1:
    resolution: {
      integrity: sha512-UXWMKhLOwVKb728IUtQPXxfYU+usdybtUrK/8uGE8CQMvrhOpwvzDBwj0QhSL7MQc7vIsISBG8VQ8+IDQxpfQA==,
    }
    engines: { node: ">=0.10.0" }

  three-conic-polygon-geometry@2.1.2:
    resolution: {
      integrity: sha512-NaP3RWLJIyPGI+zyaZwd0Yj6rkoxm4FJHqAX1Enb4L64oNYLCn4bz1ESgOEYavgcUwCNYINu1AgEoUBJr1wZcA==,
    }
    engines: { node: ">=12" }
    peerDependencies:
      three: ">=0.72.0"

  three-geojson-geometry@2.1.1:
    resolution: {
      integrity: sha512-dC7bF3ri1goDcihYhzACHOBQqu7YNNazYLa2bSydVIiJUb3jDFojKSy+gNj2pMkqZNSVjssSmdY9zlmnhEpr1w==,
    }
    engines: { node: ">=12" }
    peerDependencies:
      three: ">=0.72.0"

  three-globe@2.41.12:
    resolution: {
      integrity: sha512-4vZUsEAgdpxcIQKlsfqCo/PFLS2NzQ5rGPbDTLyINPu2o4i+hikHW0YDLEB7X51w8oxG9lKKwB77NjkiNo+bog==,
    }
    engines: { node: ">=12" }
    peerDependencies:
      three: ">=0.154"

  three-render-objects@1.38.1:
    resolution: {
      integrity: sha512-w51UYkIXnyULX9b7m8fJCDHy9HSviCbubYFIpI4Ox5gluAXRlKDvYg2E9ZKhBf4SXr1ieCpPLVfqLwWfo+ceRA==,
    }
    engines: { node: ">=12" }
    peerDependencies:
      three: ">=0.168"

  three-slippy-map-globe@1.0.3:
    resolution: {
      integrity: sha512-Y9WCA/tTL8yH8FHVSXVQss/P0V36utTNhuixzFPj0Bs0SXxO+Vui133oAQmMpx4BLXYZpWZwcqHM2i3MfFlYWw==,
    }
    engines: { node: ">=12" }
    peerDependencies:
      three: ">=0.154"

  three@0.173.0:
    resolution: {
      integrity: sha512-AUwVmViIEUgBwxJJ7stnF0NkPpZxx1aZ6WiAbQ/Qq61h6I9UR4grXtZDmO8mnlaNORhHnIBlXJ1uBxILEKuVyw==,
    }

  tinycolor2@1.6.0:
    resolution: {
      integrity: sha512-XPaBkWQJdsf3pLKJV9p4qN/S+fm2Oj8AIPo1BTUhg5oxkvm9+SVEGFdhyOz7tTdUTfvxMiAs4sp6/eZO2Ew+pw==,
    }

  tslib@2.8.1:
    resolution: {
      integrity: sha512-oJFu94HQb+KVduSUQL7wnpmqnfmLsOA/nAh6b6EH0wCEoK0/mPeXU6c3wKDV83MkOuHPRHtSXKKU99IBazS/2w==,
    }

  vite@6.1.0:
    resolution: {
      integrity: sha512-RjjMipCKVoR4hVfPY6GQTgveinjNuyLw+qruksLDvA5ktI1150VmcMBKmQaEWJhg/j6Uaf6dNCNA0AfdzUb/hQ==,
    }
    engines: { node: ^18.0.0 || ^20.0.0 || >=22.0.0 }
    hasBin: true
    peerDependencies:
      "@types/node": ^18.0.0 || ^20.0.0 || >=22.0.0
      jiti: ">=1.21.0"
      less: "*"
      lightningcss: ^1.21.0
      sass: "*"
      sass-embedded: "*"
      stylus: "*"
      sugarss: "*"
      terser: ^5.16.0
      tsx: ^4.8.1
      yaml: ^2.4.2
    peerDependenciesMeta:
      "@types/node":
        optional: true
      jiti:
        optional: true
      less:
        optional: true
      lightningcss:
        optional: true
      sass:
        optional: true
      sass-embedded:
        optional: true
      stylus:
        optional: true
      sugarss:
        optional: true
      terser:
        optional: true
      tsx:
        optional: true
      yaml:
        optional: true

snapshots:
  "@babel/runtime@7.26.7":
    dependencies:
      regenerator-runtime: 0.14.1

  "@esbuild/aix-ppc64@0.24.2":
    optional: true

  "@esbuild/android-arm64@0.24.2":
    optional: true

  "@esbuild/android-arm@0.24.2":
    optional: true

  "@esbuild/android-x64@0.24.2":
    optional: true

  "@esbuild/darwin-arm64@0.24.2":
    optional: true

  "@esbuild/darwin-x64@0.24.2":
    optional: true

  "@esbuild/freebsd-arm64@0.24.2":
    optional: true

  "@esbuild/freebsd-x64@0.24.2":
    optional: true

  "@esbuild/linux-arm64@0.24.2":
    optional: true

  "@esbuild/linux-arm@0.24.2":
    optional: true

  "@esbuild/linux-ia32@0.24.2":
    optional: true

  "@esbuild/linux-loong64@0.24.2":
    optional: true

  "@esbuild/linux-mips64el@0.24.2":
    optional: true

  "@esbuild/linux-ppc64@0.24.2":
    optional: true

  "@esbuild/linux-riscv64@0.24.2":
    optional: true

  "@esbuild/linux-s390x@0.24.2":
    optional: true

  "@esbuild/linux-x64@0.24.2":
    optional: true

  "@esbuild/netbsd-arm64@0.24.2":
    optional: true

  "@esbuild/netbsd-x64@0.24.2":
    optional: true

  "@esbuild/openbsd-arm64@0.24.2":
    optional: true

  "@esbuild/openbsd-x64@0.24.2":
    optional: true

  "@esbuild/sunos-x64@0.24.2":
    optional: true

  "@esbuild/win32-arm64@0.24.2":
    optional: true

  "@esbuild/win32-ia32@0.24.2":
    optional: true

  "@esbuild/win32-x64@0.24.2":
    optional: true

  "@rollup/rollup-android-arm-eabi@4.34.6":
    optional: true

  "@rollup/rollup-android-arm64@4.34.6":
    optional: true

  "@rollup/rollup-darwin-arm64@4.34.6":
    optional: true

  "@rollup/rollup-darwin-x64@4.34.6":
    optional: true

  "@rollup/rollup-freebsd-arm64@4.34.6":
    optional: true

  "@rollup/rollup-freebsd-x64@4.34.6":
    optional: true

  "@rollup/rollup-linux-arm-gnueabihf@4.34.6":
    optional: true

  "@rollup/rollup-linux-arm-musleabihf@4.34.6":
    optional: true

  "@rollup/rollup-linux-arm64-gnu@4.34.6":
    optional: true

  "@rollup/rollup-linux-arm64-musl@4.34.6":
    optional: true

  "@rollup/rollup-linux-loongarch64-gnu@4.34.6":
    optional: true

  "@rollup/rollup-linux-powerpc64le-gnu@4.34.6":
    optional: true

  "@rollup/rollup-linux-riscv64-gnu@4.34.6":
    optional: true

  "@rollup/rollup-linux-s390x-gnu@4.34.6":
    optional: true

  "@rollup/rollup-linux-x64-gnu@4.34.6":
    optional: true

  "@rollup/rollup-linux-x64-musl@4.34.6":
    optional: true

  "@rollup/rollup-win32-arm64-msvc@4.34.6":
    optional: true

  "@rollup/rollup-win32-ia32-msvc@4.34.6":
    optional: true

  "@rollup/rollup-win32-x64-msvc@4.34.6":
    optional: true

  "@turf/boolean-point-in-polygon@7.2.0":
    dependencies:
      "@turf/helpers": 7.2.0
      "@turf/invariant": 7.2.0
      "@types/geojson": 7946.0.16
      point-in-polygon-hao: 1.2.4
      tslib: 2.8.1

  "@turf/helpers@7.2.0":
    dependencies:
      "@types/geojson": 7946.0.16
      tslib: 2.8.1

  "@turf/invariant@7.2.0":
    dependencies:
      "@turf/helpers": 7.2.0
      "@types/geojson": 7946.0.16
      tslib: 2.8.1

  "@tweenjs/tween.js@25.0.0": {}

  "@types/estree@1.0.6": {}

  "@types/geojson@7946.0.16": {}

  accessor-fn@1.5.1: {}

  d3-array@3.2.4:
    dependencies:
      internmap: 2.0.3

  d3-color@3.1.0: {}

  d3-delaunay@6.0.4:
    dependencies:
      delaunator: 5.0.1

  d3-format@3.1.0: {}

  d3-geo-voronoi@2.1.0:
    dependencies:
      d3-array: 3.2.4
      d3-delaunay: 6.0.4
      d3-geo: 3.1.1
      d3-tricontour: 1.0.2

  d3-geo@3.1.1:
    dependencies:
      d3-array: 3.2.4

  d3-interpolate@3.0.1:
    dependencies:
      d3-color: 3.1.0

  d3-octree@1.1.0: {}

  d3-scale-chromatic@3.1.0:
    dependencies:
      d3-color: 3.1.0
      d3-interpolate: 3.0.1

  d3-scale@4.0.2:
    dependencies:
      d3-array: 3.2.4
      d3-format: 3.1.0
      d3-interpolate: 3.0.1
      d3-time: 3.1.0
      d3-time-format: 4.1.0

  d3-selection@3.0.0: {}

  d3-time-format@4.1.0:
    dependencies:
      d3-time: 3.1.0

  d3-time@3.1.0:
    dependencies:
      d3-array: 3.2.4

  d3-tricontour@1.0.2:
    dependencies:
      d3-delaunay: 6.0.4
      d3-scale: 4.0.2

  data-bind-mapper@1.0.1:
    dependencies:
      accessor-fn: 1.5.1

  delaunator@5.0.1:
    dependencies:
      robust-predicates: 3.0.2

  earcut@3.0.1: {}

  esbuild@0.24.2:
    optionalDependencies:
      "@esbuild/aix-ppc64": 0.24.2
      "@esbuild/android-arm": 0.24.2
      "@esbuild/android-arm64": 0.24.2
      "@esbuild/android-x64": 0.24.2
      "@esbuild/darwin-arm64": 0.24.2
      "@esbuild/darwin-x64": 0.24.2
      "@esbuild/freebsd-arm64": 0.24.2
      "@esbuild/freebsd-x64": 0.24.2
      "@esbuild/linux-arm": 0.24.2
      "@esbuild/linux-arm64": 0.24.2
      "@esbuild/linux-ia32": 0.24.2
      "@esbuild/linux-loong64": 0.24.2
      "@esbuild/linux-mips64el": 0.24.2
      "@esbuild/linux-ppc64": 0.24.2
      "@esbuild/linux-riscv64": 0.24.2
      "@esbuild/linux-s390x": 0.24.2
      "@esbuild/linux-x64": 0.24.2
      "@esbuild/netbsd-arm64": 0.24.2
      "@esbuild/netbsd-x64": 0.24.2
      "@esbuild/openbsd-arm64": 0.24.2
      "@esbuild/openbsd-x64": 0.24.2
      "@esbuild/sunos-x64": 0.24.2
      "@esbuild/win32-arm64": 0.24.2
      "@esbuild/win32-ia32": 0.24.2
      "@esbuild/win32-x64": 0.24.2

  float-tooltip@1.7.3:
    dependencies:
      d3-selection: 3.0.0
      kapsule: 1.16.0
      preact: 10.25.4

  frame-ticker@1.0.3:
    dependencies:
      simplesignal: 2.1.7

  fsevents@2.3.3:
    optional: true

  globe.gl@2.39.7:
    dependencies:
      "@tweenjs/tween.js": 25.0.0
      accessor-fn: 1.5.1
      kapsule: 1.16.0
      three: 0.173.0
      three-globe: 2.41.12(three@0.173.0)
      three-render-objects: 1.38.1(three@0.173.0)

  h3-js@4.1.0: {}

  index-array-by@1.4.2: {}

  internmap@2.0.3: {}

  kapsule@1.16.0:
    dependencies:
      lodash-es: 4.17.21

  lodash-es@4.17.21: {}

  nanoid@3.3.8: {}

  picocolors@1.1.1: {}

  point-in-polygon-hao@1.2.4:
    dependencies:
      robust-predicates: 3.0.2

  polished@4.3.1:
    dependencies:
      "@babel/runtime": 7.26.7

  postcss@8.5.2:
    dependencies:
      nanoid: 3.3.8
      picocolors: 1.1.1
      source-map-js: 1.2.1

  preact@10.25.4: {}

  regenerator-runtime@0.14.1: {}

  robust-predicates@3.0.2: {}

  rollup@4.34.6:
    dependencies:
      "@types/estree": 1.0.6
    optionalDependencies:
      "@rollup/rollup-android-arm-eabi": 4.34.6
      "@rollup/rollup-android-arm64": 4.34.6
      "@rollup/rollup-darwin-arm64": 4.34.6
      "@rollup/rollup-darwin-x64": 4.34.6
      "@rollup/rollup-freebsd-arm64": 4.34.6
      "@rollup/rollup-freebsd-x64": 4.34.6
      "@rollup/rollup-linux-arm-gnueabihf": 4.34.6
      "@rollup/rollup-linux-arm-musleabihf": 4.34.6
      "@rollup/rollup-linux-arm64-gnu": 4.34.6
      "@rollup/rollup-linux-arm64-musl": 4.34.6
      "@rollup/rollup-linux-loongarch64-gnu": 4.34.6
      "@rollup/rollup-linux-powerpc64le-gnu": 4.34.6
      "@rollup/rollup-linux-riscv64-gnu": 4.34.6
      "@rollup/rollup-linux-s390x-gnu": 4.34.6
      "@rollup/rollup-linux-x64-gnu": 4.34.6
      "@rollup/rollup-linux-x64-musl": 4.34.6
      "@rollup/rollup-win32-arm64-msvc": 4.34.6
      "@rollup/rollup-win32-ia32-msvc": 4.34.6
      "@rollup/rollup-win32-x64-msvc": 4.34.6
      fsevents: 2.3.3

  simplesignal@2.1.7: {}

  source-map-js@1.2.1: {}

  three-conic-polygon-geometry@2.1.2(three@0.173.0):
    dependencies:
      "@turf/boolean-point-in-polygon": 7.2.0
      d3-array: 3.2.4
      d3-geo: 3.1.1
      d3-geo-voronoi: 2.1.0
      d3-scale: 4.0.2
      delaunator: 5.0.1
      earcut: 3.0.1
      three: 0.173.0

  three-geojson-geometry@2.1.1(three@0.173.0):
    dependencies:
      d3-geo: 3.1.1
      d3-interpolate: 3.0.1
      earcut: 3.0.1
      three: 0.173.0

  three-globe@2.41.12(three@0.173.0):
    dependencies:
      "@tweenjs/tween.js": 25.0.0
      accessor-fn: 1.5.1
      d3-array: 3.2.4
      d3-color: 3.1.0
      d3-geo: 3.1.1
      d3-interpolate: 3.0.1
      d3-scale: 4.0.2
      d3-scale-chromatic: 3.1.0
      data-bind-mapper: 1.0.1
      frame-ticker: 1.0.3
      h3-js: 4.1.0
      index-array-by: 1.4.2
      kapsule: 1.16.0
      three: 0.173.0
      three-conic-polygon-geometry: 2.1.2(three@0.173.0)
      three-geojson-geometry: 2.1.1(three@0.173.0)
      three-slippy-map-globe: 1.0.3(three@0.173.0)
      tinycolor2: 1.6.0

  three-render-objects@1.38.1(three@0.173.0):
    dependencies:
      "@tweenjs/tween.js": 25.0.0
      accessor-fn: 1.5.1
      float-tooltip: 1.7.3
      kapsule: 1.16.0
      polished: 4.3.1
      three: 0.173.0

  three-slippy-map-globe@1.0.3(three@0.173.0):
    dependencies:
      d3-geo: 3.1.1
      d3-octree: 1.1.0
      d3-scale: 4.0.2
      three: 0.173.0

  three@0.173.0: {}

  tinycolor2@1.6.0: {}

  tslib@2.8.1: {}

  vite@6.1.0:
    dependencies:
      esbuild: 0.24.2
      postcss: 8.5.2
      rollup: 4.34.6
    optionalDependencies:
      fsevents: 2.3.3
